{
  "requires": true,
  "lockfileVersion": 1,
  "dependencies": {
    "vee-validate": {
      "version": "3.2.5",
      "resolved": "https://registry.npmjs.org/vee-validate/-/vee-validate-3.2.5.tgz",
      "integrity": "sha512-qUgx4fcD077aNYuaRmK5qZ6G/qRHI0igC5tvGP1IRtvkScOyhCHuZwCcto4VPy5Cip0yAOqrbFudD9JOevwZhw=="
    }
  }
}
